{
  "projects": [
    {
      "projectId": "8PtdGodUbexNYgkuyBUcWu",
      "version": "3.14.0",
      "dependencies": {},
      "lang": "ts",
      "fileLocks": [
        {
          "assetId": "8PtdGodUbexNYgkuyBUcWu",
          "type": "projectCss",
          "checksum": "078b5be9aa4a8ea2a39b36c771c25aaa"
        },
        {
          "assetId": "8PtdGodUbexNYgkuyBUcWu",
          "checksum": "c48776bba1b3886e93349ddfa619cee9",
          "type": "globalContexts"
        }
      ],
      "codegenVersion": "0.0.1"
    },
    {
      "projectId": "itmdg5kTwTPM7Z7CWx2NER",
      "version": "latest",
      "dependencies": {
        "8PtdGodUbexNYgkuyBUcWu": "3.14.0"
      },
      "lang": "ts",
      "fileLocks": [
        {
          "type": "globalVariant",
          "assetId": "D8zsSJ2VXacmR",
          "checksum": "ff7d753073d9e9ccfdb5d803a8b7d8f3"
        },
        {
          "assetId": "itmdg5kTwTPM7Z7CWx2NER",
          "checksum": "c63969356a3aa24cbc7f1dbe9df34f7a",
          "type": "globalContexts"
        },
        {
          "type": "renderModule",
          "assetId": "w31qG2VLtz2_",
          "checksum": "cc30f633687042b0fb1ae5fc7b3f1635"
        },
        {
          "type": "cssRules",
          "assetId": "w31qG2VLtz2_",
          "checksum": "cc30f633687042b0fb1ae5fc7b3f1635"
        },
        {
          "type": "renderModule",
          "assetId": "bWoJdglL_8",
          "checksum": "532923388295709a0f74a5ec838fed01"
        },
        {
          "type": "cssRules",
          "assetId": "bWoJdglL_8",
          "checksum": "532923388295709a0f74a5ec838fed01"
        },
        {
          "type": "renderModule",
          "assetId": "MVqNXujA31",
          "checksum": "41af073a0e17f3fdc94a69e421021004"
        },
        {
          "type": "cssRules",
          "assetId": "MVqNXujA31",
          "checksum": "41af073a0e17f3fdc94a69e421021004"
        },
        {
          "type": "renderModule",
          "assetId": "Mo_a8cHyb5",
          "checksum": "080c9ec5a4a5b46877a65c92262429d6"
        },
        {
          "type": "cssRules",
          "assetId": "Mo_a8cHyb5",
          "checksum": "080c9ec5a4a5b46877a65c92262429d6"
        },
        {
          "type": "renderModule",
          "assetId": "K-4pGAICOD",
          "checksum": "6859df4d85dfb93ea001501dc434ff70"
        },
        {
          "type": "cssRules",
          "assetId": "K-4pGAICOD",
          "checksum": "6859df4d85dfb93ea001501dc434ff70"
        },
        {
          "type": "icon",
          "assetId": "qFBkxDYko",
          "checksum": "9b96e79a5cb4aaddcda744c0d77ac113"
        },
        {
          "assetId": "itmdg5kTwTPM7Z7CWx2NER",
          "type": "projectCss",
          "checksum": "8aeb16e98dd9320ae7eb70750ead4472"
        }
      ],
      "codegenVersion": "0.0.1"
    }
  ],
  "cliVersion": "0.1.274"
}
