{
  "projects": [
    {
      "projectId": "8PtdGodUbexNYgkuyBUcWu",
      "version": "3.15.0",
      "dependencies": {},
      "lang": "ts",
      "fileLocks": [
        {
          "assetId": "8PtdGodUbexNYgkuyBUcWu",
          "checksum": "c48776bba1b3886e93349ddfa619cee9",
          "type": "globalContexts"
        },
        {
          "assetId": "8PtdGodUbexNYgkuyBUcWu",
          "type": "projectCss",
          "checksum": "078b5be9aa4a8ea2a39b36c771c25aaa"
        }
      ],
      "codegenVersion": "0.0.1"
    },
    {
      "projectId": "itmdg5kTwTPM7Z7CWx2NER",
      "version": "latest",
      "dependencies": {
        "8PtdGodUbexNYgkuyBUcWu": "3.15.0",
        "caTPwKxj5ZrD9LQ7DMdK4Z": "3.19.0"
      },
      "lang": "ts",
      "fileLocks": [
        {
          "type": "globalVariant",
          "assetId": "D8zsSJ2VXacmR",
          "checksum": "ff7d753073d9e9ccfdb5d803a8b7d8f3"
        },
        {
          "assetId": "itmdg5kTwTPM7Z7CWx2NER",
          "checksum": "c63969356a3aa24cbc7f1dbe9df34f7a",
          "type": "globalContexts"
        },
        {
          "type": "renderModule",
          "assetId": "w31qG2VLtz2_",
          "checksum": "bd6c0ea84659baff08165d131f020fcf"
        },
        {
          "type": "cssRules",
          "assetId": "w31qG2VLtz2_",
          "checksum": "bd6c0ea84659baff08165d131f020fcf"
        },
        {
          "type": "renderModule",
          "assetId": "bWoJdglL_8",
          "checksum": "c850f60e8cd6ba3e333cf95ae8dced77"
        },
        {
          "type": "cssRules",
          "assetId": "bWoJdglL_8",
          "checksum": "c850f60e8cd6ba3e333cf95ae8dced77"
        },
        {
          "type": "renderModule",
          "assetId": "MVqNXujA31",
          "checksum": "dca8efc0119bd4446f3ad6415fa293f6"
        },
        {
          "type": "cssRules",
          "assetId": "MVqNXujA31",
          "checksum": "dca8efc0119bd4446f3ad6415fa293f6"
        },
        {
          "type": "renderModule",
          "assetId": "Mo_a8cHyb5",
          "checksum": "daa482649d838bbfac8d3ae3ee28f58d"
        },
        {
          "type": "cssRules",
          "assetId": "Mo_a8cHyb5",
          "checksum": "daa482649d838bbfac8d3ae3ee28f58d"
        },
        {
          "type": "renderModule",
          "assetId": "K-4pGAICOD",
          "checksum": "3a4115e08f0712f93675d64aed22255d"
        },
        {
          "type": "cssRules",
          "assetId": "K-4pGAICOD",
          "checksum": "3a4115e08f0712f93675d64aed22255d"
        },
        {
          "type": "icon",
          "assetId": "qFBkxDYko",
          "checksum": "9b96e79a5cb4aaddcda744c0d77ac113"
        },
        {
          "assetId": "itmdg5kTwTPM7Z7CWx2NER",
          "type": "projectCss",
          "checksum": "8aeb16e98dd9320ae7eb70750ead4472"
        }
      ],
      "codegenVersion": "0.0.1"
    },
    {
      "projectId": "caTPwKxj5ZrD9LQ7DMdK4Z",
      "version": "3.19.0",
      "dependencies": {},
      "lang": "ts",
      "fileLocks": [
        {
          "assetId": "caTPwKxj5ZrD9LQ7DMdK4Z",
          "type": "projectCss",
          "checksum": "9fe64c4dd8439ba4d2df6de161f0ad40"
        }
      ],
      "codegenVersion": "0.0.1"
    }
  ],
  "cliVersion": "0.1.274"
}
